{
  "name": "react-boilerplate-cli",
  "version": "1.0.0",
  "lockfileVersion": 2,
  "requires": true,
  "packages": {
    "": {
      "name": "react-boilerplate-cli",
      "version": "1.0.0",
      "license": "ISC",
      "dependencies": {
        "camel-case": "^4.1.2",
        "camelcase": "^7.0.1",
        "pascalcase": "^2.0.0"
      },
      "devDependencies": {
        "@types/node": "^18.14.2",
        "@types/pascalcase": "^1.0.1",
        "typescript": "^4.9.5"
      }
    },
    "node_modules/@types/node": {
      "version": "18.14.2",
      "resolved": "https://registry.npmjs.org/@types/node/-/node-18.14.2.tgz",
      "integrity": "sha512-1uEQxww3DaghA0RxqHx0O0ppVlo43pJhepY51OxuQIKHpjbnYLA7vcdwioNPzIqmC2u3I/dmylcqjlh0e7AyUA==",
      "dev": true
    },
    "node_modules/@types/pascalcase": {
      "version": "1.0.1",
      "resolved": "https://registry.npmjs.org/@types/pascalcase/-/pascalcase-1.0.1.tgz",
      "integrity": "sha512-JYPox1hbKw66Sv9HtvTp0r5jJkaz6k+V8XjEnZUb7B+4ffIoS+3sjiAtwkX6IMO68UQtQWe9QcAjugn9VR4GJg==",
      "dev": true
    },
    "node_modules/camel-case": {
      "version": "4.1.2",
      "resolved": "https://registry.npmjs.org/camel-case/-/camel-case-4.1.2.tgz",
      "integrity": "sha512-gxGWBrTT1JuMx6R+o5PTXMmUnhnVzLQ9SNutD4YqKtI6ap897t3tKECYla6gCWEkplXnlNybEkZg9GEGxKFCgw==",
      "dependencies": {
        "pascal-case": "^3.1.2",
        "tslib": "^2.0.3"
      }
    },
    "node_modules/camelcase": {
      "version": "7.0.1",
      "resolved": "https://registry.npmjs.org/camelcase/-/camelcase-7.0.1.tgz",
      "integrity": "sha512-xlx1yCK2Oc1APsPXDL2LdlNP6+uu8OCDdhOBSVT279M/S+y75O30C2VuD8T2ogdePBBl7PfPF4504tnLgX3zfw==",
      "engines": {
        "node": ">=14.16"
      },
      "funding": {
        "url": "https://github.com/sponsors/sindresorhus"
      }
    },
    "node_modules/lower-case": {
      "version": "2.0.2",
      "resolved": "https://registry.npmjs.org/lower-case/-/lower-case-2.0.2.tgz",
      "integrity": "sha512-7fm3l3NAF9WfN6W3JOmf5drwpVqX78JtoGJ3A6W0a6ZnldM41w2fV5D490psKFTpMds8TJse/eHLFFsNHHjHgg==",
      "dependencies": {
        "tslib": "^2.0.3"
      }
    },
    "node_modules/no-case": {
      "version": "3.0.4",
      "resolved": "https://registry.npmjs.org/no-case/-/no-case-3.0.4.tgz",
      "integrity": "sha512-fgAN3jGAh+RoxUGZHTSOLJIqUc2wmoBwGR4tbpNAKmmovFoWq0OdRkb0VkldReO2a2iBT/OEulG9XSUc10r3zg==",
      "dependencies": {
        "lower-case": "^2.0.2",
        "tslib": "^2.0.3"
      }
    },
    "node_modules/pascal-case": {
      "version": "3.1.2",
      "resolved": "https://registry.npmjs.org/pascal-case/-/pascal-case-3.1.2.tgz",
      "integrity": "sha512-uWlGT3YSnK9x3BQJaOdcZwrnV6hPpd8jFH1/ucpiLRPh/2zCVJKS19E4GvYHvaCcACn3foXZ0cLB9Wrx1KGe5g==",
      "dependencies": {
        "no-case": "^3.0.4",
        "tslib": "^2.0.3"
      }
    },
    "node_modules/pascalcase": {
      "version": "2.0.0",
      "resolved": "https://registry.npmjs.org/pascalcase/-/pascalcase-2.0.0.tgz",
      "integrity": "sha512-DHpENy5Qm/FaX+x3iBLoMLG/XHNCTgL+yErm1TwuVaj6u4fiOSkYkf60vGtITk7hrKHOO4uCl9vRrD4hqjNKjg==",
      "dependencies": {
        "camelcase": "^6.2.1"
      },
      "engines": {
        "node": ">=14"
      }
    },
    "node_modules/pascalcase/node_modules/camelcase": {
      "version": "6.3.0",
      "resolved": "https://registry.npmjs.org/camelcase/-/camelcase-6.3.0.tgz",
      "integrity": "sha512-Gmy6FhYlCY7uOElZUSbxo2UCDH8owEk996gkbrpsgGtrJLM3J7jGxl9Ic7Qwwj4ivOE5AWZWRMecDdF7hqGjFA==",
      "engines": {
        "node": ">=10"
      },
      "funding": {
        "url": "https://github.com/sponsors/sindresorhus"
      }
    },
    "node_modules/tslib": {
      "version": "2.5.0",
      "resolved": "https://registry.npmjs.org/tslib/-/tslib-2.5.0.tgz",
      "integrity": "sha512-336iVw3rtn2BUK7ORdIAHTyxHGRIHVReokCR3XjbckJMK7ms8FysBfhLR8IXnAgy7T0PTPNBWKiH514FOW/WSg=="
    },
    "node_modules/typescript": {
      "version": "4.9.5",
      "resolved": "https://registry.npmjs.org/typescript/-/typescript-4.9.5.tgz",
      "integrity": "sha512-1FXk9E2Hm+QzZQ7z+McJiHL4NW1F2EzMu9Nq9i3zAaGqibafqYwCVU6WyWAuyQRRzOlxou8xZSyXLEN8oKj24g==",
      "dev": true,
      "bin": {
        "tsc": "bin/tsc",
        "tsserver": "bin/tsserver"
      },
      "engines": {
        "node": ">=4.2.0"
      }
    }
  },
  "dependencies": {
    "@types/node": {
      "version": "18.14.2",
      "resolved": "https://registry.npmjs.org/@types/node/-/node-18.14.2.tgz",
      "integrity": "sha512-1uEQxww3DaghA0RxqHx0O0ppVlo43pJhepY51OxuQIKHpjbnYLA7vcdwioNPzIqmC2u3I/dmylcqjlh0e7AyUA==",
      "dev": true
    },
    "@types/pascalcase": {
      "version": "1.0.1",
      "resolved": "https://registry.npmjs.org/@types/pascalcase/-/pascalcase-1.0.1.tgz",
      "integrity": "sha512-JYPox1hbKw66Sv9HtvTp0r5jJkaz6k+V8XjEnZUb7B+4ffIoS+3sjiAtwkX6IMO68UQtQWe9QcAjugn9VR4GJg==",
      "dev": true
    },
    "camel-case": {
      "version": "4.1.2",
      "resolved": "https://registry.npmjs.org/camel-case/-/camel-case-4.1.2.tgz",
      "integrity": "sha512-gxGWBrTT1JuMx6R+o5PTXMmUnhnVzLQ9SNutD4YqKtI6ap897t3tKECYla6gCWEkplXnlNybEkZg9GEGxKFCgw==",
      "requires": {
        "pascal-case": "^3.1.2",
        "tslib": "^2.0.3"
      }
    },
    "camelcase": {
      "version": "7.0.1",
      "resolved": "https://registry.npmjs.org/camelcase/-/camelcase-7.0.1.tgz",
      "integrity": "sha512-xlx1yCK2Oc1APsPXDL2LdlNP6+uu8OCDdhOBSVT279M/S+y75O30C2VuD8T2ogdePBBl7PfPF4504tnLgX3zfw=="
    },
    "lower-case": {
      "version": "2.0.2",
      "resolved": "https://registry.npmjs.org/lower-case/-/lower-case-2.0.2.tgz",
      "integrity": "sha512-7fm3l3NAF9WfN6W3JOmf5drwpVqX78JtoGJ3A6W0a6ZnldM41w2fV5D490psKFTpMds8TJse/eHLFFsNHHjHgg==",
      "requires": {
        "tslib": "^2.0.3"
      }
    },
    "no-case": {
      "version": "3.0.4",
      "resolved": "https://registry.npmjs.org/no-case/-/no-case-3.0.4.tgz",
      "integrity": "sha512-fgAN3jGAh+RoxUGZHTSOLJIqUc2wmoBwGR4tbpNAKmmovFoWq0OdRkb0VkldReO2a2iBT/OEulG9XSUc10r3zg==",
      "requires": {
        "lower-case": "^2.0.2",
        "tslib": "^2.0.3"
      }
    },
    "pascal-case": {
      "version": "3.1.2",
      "resolved": "https://registry.npmjs.org/pascal-case/-/pascal-case-3.1.2.tgz",
      "integrity": "sha512-uWlGT3YSnK9x3BQJaOdcZwrnV6hPpd8jFH1/ucpiLRPh/2zCVJKS19E4GvYHvaCcACn3foXZ0cLB9Wrx1KGe5g==",
      "requires": {
        "no-case": "^3.0.4",
        "tslib": "^2.0.3"
      }
    },
    "pascalcase": {
      "version": "2.0.0",
      "resolved": "https://registry.npmjs.org/pascalcase/-/pascalcase-2.0.0.tgz",
      "integrity": "sha512-DHpENy5Qm/FaX+x3iBLoMLG/XHNCTgL+yErm1TwuVaj6u4fiOSkYkf60vGtITk7hrKHOO4uCl9vRrD4hqjNKjg==",
      "requires": {
        "camelcase": "^6.2.1"
      },
      "dependencies": {
        "camelcase": {
          "version": "6.3.0",
          "resolved": "https://registry.npmjs.org/camelcase/-/camelcase-6.3.0.tgz",
          "integrity": "sha512-Gmy6FhYlCY7uOElZUSbxo2UCDH8owEk996gkbrpsgGtrJLM3J7jGxl9Ic7Qwwj4ivOE5AWZWRMecDdF7hqGjFA=="
        }
      }
    },
    "tslib": {
      "version": "2.5.0",
      "resolved": "https://registry.npmjs.org/tslib/-/tslib-2.5.0.tgz",
      "integrity": "sha512-336iVw3rtn2BUK7ORdIAHTyxHGRIHVReokCR3XjbckJMK7ms8FysBfhLR8IXnAgy7T0PTPNBWKiH514FOW/WSg=="
    },
    "typescript": {
      "version": "4.9.5",
      "resolved": "https://registry.npmjs.org/typescript/-/typescript-4.9.5.tgz",
      "integrity": "sha512-1FXk9E2Hm+QzZQ7z+McJiHL4NW1F2EzMu9Nq9i3zAaGqibafqYwCVU6WyWAuyQRRzOlxou8xZSyXLEN8oKj24g==",
      "dev": true
    }
  }
}
